<Solution>
  <Folder Name="/src/">
    <Project Path="src/NdeipiChat.Api/NdeipiChat.Api.csproj" />
    <Project Path="src/NdeipiChat.App/NdeipiChat.App.csproj" />
    <Project Path="src/NdeipiChat.Client.Core/NdeipiChat.Client.Core.csproj" />
    <Project Path="src/NdeipiChat.Contracts/NdeipiChat.Contracts.csproj" />
    <Project Path="src/NdeipiChat.Web/NdeipiChat.Web.csproj" />
  </Folder>
  <Folder Name="/tests/">
    <Project Path="tests/NdeipiChat.Tests/NdeipiChat.Tests.csproj" />
  </Folder>
</Solution>
